
Microsoft Visual Studio Solution File, Format Version 12.00
# Visual Studio Version 16
VisualStudioVersion = 16.0.33328.57
MinimumVisualStudioVersion = 10.0.40219.1
Project("{FAE04EC0-301F-11D3-BF4B-00C04F79EFBC}") = "Method", "Method\Method.csproj", "{93AB8EA4-F70B-4B00-BAF0-4E1AEA056607}"
EndProject
Project("{FAE04EC0-301F-11D3-BF4B-00C04F79EFBC}") = "Return", "Return\Return.csproj", "{1380A36E-269D-4902-B357-37BC0828FDD0}"
EndProject
Project("{FAE04EC0-301F-11D3-BF4B-00C04F79EFBC}") = "SwapByValue", "SwapByValue\SwapByValue.csproj", "{09EE1E0A-65F8-4A73-99CA-C7C756F677F6}"
EndProject
Project("{FAE04EC0-301F-11D3-BF4B-00C04F79EFBC}") = "SwapByRef", "SwapByRef\SwapByRef.csproj", "{96161851-FCE7-487E-8AF5-93044760666B}"
EndProject
Project("{FAE04EC0-301F-11D3-BF4B-00C04F79EFBC}") = "Test", "Test\Test.csproj", "{7E12D97C-73C6-4054-811E-F1366F21CC96}"
EndProject
Project("{FAE04EC0-301F-11D3-BF4B-00C04F79EFBC}") = "RefReturn", "RefReturn\RefReturn.csproj", "{FCB9EC4D-4D60-4F1D-B04E-B066FA1949DF}"
EndProject
Project("{FAE04EC0-301F-11D3-BF4B-00C04F79EFBC}") = "UsingOut", "UsingOut\UsingOut.csproj", "{F15B794F-FF5C-4D7A-8BCB-5472840389B0}"
EndProject
Project("{FAE04EC0-301F-11D3-BF4B-00C04F79EFBC}") = "Overloading", "Overloading\Overloading.csproj", "{7DE79BF4-2E91-4843-B54D-7E24EFABB534}"
EndProject
Project("{FAE04EC0-301F-11D3-BF4B-00C04F79EFBC}") = "UsingParams", "UsingParams\UsingParams.csproj", "{02387895-CD3C-4F02-AE54-BB7F5D48B3C7}"
EndProject
Global
	GlobalSection(SolutionConfigurationPlatforms) = preSolution
		Debug|Any CPU = Debug|Any CPU
		Release|Any CPU = Release|Any CPU
	EndGlobalSection
	GlobalSection(ProjectConfigurationPlatforms) = postSolution
		{93AB8EA4-F70B-4B00-BAF0-4E1AEA056607}.Debug|Any CPU.ActiveCfg = Debug|Any CPU
		{93AB8EA4-F70B-4B00-BAF0-4E1AEA056607}.Debug|Any CPU.Build.0 = Debug|Any CPU
		{93AB8EA4-F70B-4B00-BAF0-4E1AEA056607}.Release|Any CPU.ActiveCfg = Release|Any CPU
		{93AB8EA4-F70B-4B00-BAF0-4E1AEA056607}.Release|Any CPU.Build.0 = Release|Any CPU
		{1380A36E-269D-4902-B357-37BC0828FDD0}.Debug|Any CPU.ActiveCfg = Debug|Any CPU
		{1380A36E-269D-4902-B357-37BC0828FDD0}.Debug|Any CPU.Build.0 = Debug|Any CPU
		{1380A36E-269D-4902-B357-37BC0828FDD0}.Release|Any CPU.ActiveCfg = Release|Any CPU
		{1380A36E-269D-4902-B357-37BC0828FDD0}.Release|Any CPU.Build.0 = Release|Any CPU
		{09EE1E0A-65F8-4A73-99CA-C7C756F677F6}.Debug|Any CPU.ActiveCfg = Debug|Any CPU
		{09EE1E0A-65F8-4A73-99CA-C7C756F677F6}.Debug|Any CPU.Build.0 = Debug|Any CPU
		{09EE1E0A-65F8-4A73-99CA-C7C756F677F6}.Release|Any CPU.ActiveCfg = Release|Any CPU
		{09EE1E0A-65F8-4A73-99CA-C7C756F677F6}.Release|Any CPU.Build.0 = Release|Any CPU
		{96161851-FCE7-487E-8AF5-93044760666B}.Debug|Any CPU.ActiveCfg = Debug|Any CPU
		{96161851-FCE7-487E-8AF5-93044760666B}.Debug|Any CPU.Build.0 = Debug|Any CPU
		{96161851-FCE7-487E-8AF5-93044760666B}.Release|Any CPU.ActiveCfg = Release|Any CPU
		{96161851-FCE7-487E-8AF5-93044760666B}.Release|Any CPU.Build.0 = Release|Any CPU
		{7E12D97C-73C6-4054-811E-F1366F21CC96}.Debug|Any CPU.ActiveCfg = Debug|Any CPU
		{7E12D97C-73C6-4054-811E-F1366F21CC96}.Debug|Any CPU.Build.0 = Debug|Any CPU
		{7E12D97C-73C6-4054-811E-F1366F21CC96}.Release|Any CPU.ActiveCfg = Release|Any CPU
		{7E12D97C-73C6-4054-811E-F1366F21CC96}.Release|Any CPU.Build.0 = Release|Any CPU
		{FCB9EC4D-4D60-4F1D-B04E-B066FA1949DF}.Debug|Any CPU.ActiveCfg = Debug|Any CPU
		{FCB9EC4D-4D60-4F1D-B04E-B066FA1949DF}.Debug|Any CPU.Build.0 = Debug|Any CPU
		{FCB9EC4D-4D60-4F1D-B04E-B066FA1949DF}.Release|Any CPU.ActiveCfg = Release|Any CPU
		{FCB9EC4D-4D60-4F1D-B04E-B066FA1949DF}.Release|Any CPU.Build.0 = Release|Any CPU
		{F15B794F-FF5C-4D7A-8BCB-5472840389B0}.Debug|Any CPU.ActiveCfg = Debug|Any CPU
		{F15B794F-FF5C-4D7A-8BCB-5472840389B0}.Debug|Any CPU.Build.0 = Debug|Any CPU
		{F15B794F-FF5C-4D7A-8BCB-5472840389B0}.Release|Any CPU.ActiveCfg = Release|Any CPU
		{F15B794F-FF5C-4D7A-8BCB-5472840389B0}.Release|Any CPU.Build.0 = Release|Any CPU
		{7DE79BF4-2E91-4843-B54D-7E24EFABB534}.Debug|Any CPU.ActiveCfg = Debug|Any CPU
		{7DE79BF4-2E91-4843-B54D-7E24EFABB534}.Debug|Any CPU.Build.0 = Debug|Any CPU
		{7DE79BF4-2E91-4843-B54D-7E24EFABB534}.Release|Any CPU.ActiveCfg = Release|Any CPU
		{7DE79BF4-2E91-4843-B54D-7E24EFABB534}.Release|Any CPU.Build.0 = Release|Any CPU
		{02387895-CD3C-4F02-AE54-BB7F5D48B3C7}.Debug|Any CPU.ActiveCfg = Debug|Any CPU
		{02387895-CD3C-4F02-AE54-BB7F5D48B3C7}.Debug|Any CPU.Build.0 = Debug|Any CPU
		{02387895-CD3C-4F02-AE54-BB7F5D48B3C7}.Release|Any CPU.ActiveCfg = Release|Any CPU
		{02387895-CD3C-4F02-AE54-BB7F5D48B3C7}.Release|Any CPU.Build.0 = Release|Any CPU
	EndGlobalSection
	GlobalSection(SolutionProperties) = preSolution
		HideSolutionNode = FALSE
	EndGlobalSection
	GlobalSection(ExtensibilityGlobals) = postSolution
		SolutionGuid = {B3EAE616-AB96-4B1F-A0FF-1C02A7DBC405}
	EndGlobalSection
EndGlobal
